// !$*UTF8*$!
{
	archiveVersion = 1;
	classes = {
	};
	objectVersion = 56;
	objects = {

/* Begin PBXBuildFile section */
		A001 /* RecordShotApp.swift in Sources */ = {isa = PBXBuildFile; fileRef = F001 /* RecordShotApp.swift */; };
		A002 /* AppDelegate.swift in Sources */ = {isa = PBXBuildFile; fileRef = F002 /* AppDelegate.swift */; };
		A003 /* MenuBarController.swift in Sources */ = {isa = PBXBuildFile; fileRef = F003 /* MenuBarController.swift */; };
		A004 /* MenuBarView.swift in Sources */ = {isa = PBXBuildFile; fileRef = F004 /* MenuBarView.swift */; };
		A005 /* ScreenCaptureManager.swift in Sources */ = {isa = PBXBuildFile; fileRef = F005 /* ScreenCaptureManager.swift */; };
		A006 /* RecordingSession.swift in Sources */ = {isa = PBXBuildFile; fileRef = F006 /* RecordingSession.swift */; };
		A007 /* RegionSelector.swift in Sources */ = {isa = PBXBuildFile; fileRef = F007 /* RegionSelector.swift */; };
		A008 /* HotKeyManager.swift in Sources */ = {isa = PBXBuildFile; fileRef = F008 /* HotKeyManager.swift */; };
		A009 /* AppSettings.swift in Sources */ = {isa = PBXBuildFile; fileRef = F009 /* AppSettings.swift */; };
		A010 /* SettingsView.swift in Sources */ = {isa = PBXBuildFile; fileRef = F010 /* SettingsView.swift */; };
		A011 /* ClipboardManager.swift in Sources */ = {isa = PBXBuildFile; fileRef = F011 /* ClipboardManager.swift */; };
		A012 /* CapturePreviewPanel.swift in Sources */ = {isa = PBXBuildFile; fileRef = F014 /* CapturePreviewPanel.swift */; };
		A013 /* AnnotationModel.swift in Sources */ = {isa = PBXBuildFile; fileRef = F015 /* AnnotationModel.swift */; };
		A014 /* AnnotationCanvasView.swift in Sources */ = {isa = PBXBuildFile; fileRef = F016 /* AnnotationCanvasView.swift */; };
		A015 /* ImageEditorView.swift in Sources */ = {isa = PBXBuildFile; fileRef = F017 /* ImageEditorView.swift */; };
		A016 /* ImageEditorWindow.swift in Sources */ = {isa = PBXBuildFile; fileRef = F018 /* ImageEditorWindow.swift */; };
		LB001 /* Localizable.strings in Resources */ = {isa = PBXBuildFile; fileRef = LV001 /* Localizable.strings */; };
		TB001 /* AnnotationModelTests.swift in Sources */ = {isa = PBXBuildFile; fileRef = TF001 /* AnnotationModelTests.swift */; };
		TB002 /* AppSettingsTests.swift in Sources */ = {isa = PBXBuildFile; fileRef = TF002 /* AppSettingsTests.swift */; };
		TB003 /* ImageProcessingTests.swift in Sources */ = {isa = PBXBuildFile; fileRef = TF003 /* ImageProcessingTests.swift */; };
		TB004 /* XCTest.framework in Frameworks */ = {isa = PBXBuildFile; fileRef = TFWK /* XCTest.framework */; };
/* End PBXBuildFile section */

/* Begin PBXContainerItemProxy section */
		TPROXY /* PBXContainerItemProxy */ = {
			isa = PBXContainerItemProxy;
			containerPortal = PROJECT /* Project object */;
			proxyType = 1;
			remoteGlobalIDString = TARGET;
			remoteInfo = RecordShot;
		};
/* End PBXContainerItemProxy section */

/* Begin PBXFileReference section */
		F001 /* RecordShotApp.swift */ = {isa = PBXFileReference; lastKnownFileType = sourcecode.swift; path = RecordShotApp.swift; sourceTree = "<group>"; };
		F002 /* AppDelegate.swift */ = {isa = PBXFileReference; lastKnownFileType = sourcecode.swift; path = AppDelegate.swift; sourceTree = "<group>"; };
		F003 /* MenuBarController.swift */ = {isa = PBXFileReference; lastKnownFileType = sourcecode.swift; path = MenuBarController.swift; sourceTree = "<group>"; };
		F004 /* MenuBarView.swift */ = {isa = PBXFileReference; lastKnownFileType = sourcecode.swift; path = MenuBarView.swift; sourceTree = "<group>"; };
		F005 /* ScreenCaptureManager.swift */ = {isa = PBXFileReference; lastKnownFileType = sourcecode.swift; path = ScreenCaptureManager.swift; sourceTree = "<group>"; };
		F006 /* RecordingSession.swift */ = {isa = PBXFileReference; lastKnownFileType = sourcecode.swift; path = RecordingSession.swift; sourceTree = "<group>"; };
		F007 /* RegionSelector.swift */ = {isa = PBXFileReference; lastKnownFileType = sourcecode.swift; path = RegionSelector.swift; sourceTree = "<group>"; };
		F008 /* HotKeyManager.swift */ = {isa = PBXFileReference; lastKnownFileType = sourcecode.swift; path = HotKeyManager.swift; sourceTree = "<group>"; };
		F009 /* AppSettings.swift */ = {isa = PBXFileReference; lastKnownFileType = sourcecode.swift; path = AppSettings.swift; sourceTree = "<group>"; };
		F010 /* SettingsView.swift */ = {isa = PBXFileReference; lastKnownFileType = sourcecode.swift; path = SettingsView.swift; sourceTree = "<group>"; };
		F011 /* ClipboardManager.swift */ = {isa = PBXFileReference; lastKnownFileType = sourcecode.swift; path = ClipboardManager.swift; sourceTree = "<group>"; };
		F012 /* Info.plist */ = {isa = PBXFileReference; lastKnownFileType = text.plist.xml; path = Info.plist; sourceTree = "<group>"; };
		F013 /* RecordShot.entitlements */ = {isa = PBXFileReference; lastKnownFileType = text.plist.entitlements; path = RecordShot.entitlements; sourceTree = "<group>"; };
		F014 /* CapturePreviewPanel.swift */ = {isa = PBXFileReference; lastKnownFileType = sourcecode.swift; path = CapturePreviewPanel.swift; sourceTree = "<group>"; };
		F015 /* AnnotationModel.swift */ = {isa = PBXFileReference; lastKnownFileType = sourcecode.swift; path = AnnotationModel.swift; sourceTree = "<group>"; };
		F016 /* AnnotationCanvasView.swift */ = {isa = PBXFileReference; lastKnownFileType = sourcecode.swift; path = AnnotationCanvasView.swift; sourceTree = "<group>"; };
		F017 /* ImageEditorView.swift */ = {isa = PBXFileReference; lastKnownFileType = sourcecode.swift; path = ImageEditorView.swift; sourceTree = "<group>"; };
		F018 /* ImageEditorWindow.swift */ = {isa = PBXFileReference; lastKnownFileType = sourcecode.swift; path = ImageEditorWindow.swift; sourceTree = "<group>"; };
		LF001 /* en */ = {isa = PBXFileReference; lastKnownFileType = text.plist.strings; name = en; path = en.lproj/Localizable.strings; sourceTree = "<group>"; };
		LF002 /* ko */ = {isa = PBXFileReference; lastKnownFileType = text.plist.strings; name = ko; path = ko.lproj/Localizable.strings; sourceTree = "<group>"; };
		PROD /* RecordShot.app */ = {isa = PBXFileReference; explicitFileType = wrapper.application; includeInIndex = 0; path = RecordShot.app; sourceTree = BUILT_PRODUCTS_DIR; };
		TF001 /* AnnotationModelTests.swift */ = {isa = PBXFileReference; lastKnownFileType = sourcecode.swift; path = AnnotationModelTests.swift; sourceTree = "<group>"; };
		TF002 /* AppSettingsTests.swift */ = {isa = PBXFileReference; lastKnownFileType = sourcecode.swift; path = AppSettingsTests.swift; sourceTree = "<group>"; };
		TF003 /* ImageProcessingTests.swift */ = {isa = PBXFileReference; lastKnownFileType = sourcecode.swift; path = ImageProcessingTests.swift; sourceTree = "<group>"; };
		TFWK /* XCTest.framework */ = {isa = PBXFileReference; lastKnownFileType = wrapper.framework; name = XCTest.framework; path = Library/Frameworks/XCTest.framework; sourceTree = DEVELOPER_DIR; };
		TPROD /* RecordShotTests.xctest */ = {isa = PBXFileReference; explicitFileType = wrapper.cfbundle; includeInIndex = 0; path = RecordShotTests.xctest; sourceTree = BUILT_PRODUCTS_DIR; };
/* End PBXFileReference section */

/* Begin PBXFrameworksBuildPhase section */
		FWKBUILDPHASE /* Frameworks */ = {
			isa = PBXFrameworksBuildPhase;
			buildActionMask = 2147483647;
			files = (
			);
			runOnlyForDeploymentPostprocessing = 0;
		};
		TFWKPHASE /* Frameworks */ = {
			isa = PBXFrameworksBuildPhase;
			buildActionMask = 2147483647;
			files = (
				TB004 /* XCTest.framework in Frameworks */,
			);
			runOnlyForDeploymentPostprocessing = 0;
		};
/* End PBXFrameworksBuildPhase section */

/* Begin PBXGroup section */
		APPGROUP /* App */ = {
			isa = PBXGroup;
			children = (
				F001 /* RecordShotApp.swift */,
				F002 /* AppDelegate.swift */,
			);
			path = App;
			sourceTree = "<group>";
		};
		CAPGROUP /* Capture */ = {
			isa = PBXGroup;
			children = (
				F005 /* ScreenCaptureManager.swift */,
				F006 /* RecordingSession.swift */,
				F007 /* RegionSelector.swift */,
				F014 /* CapturePreviewPanel.swift */,
			);
			path = Capture;
			sourceTree = "<group>";
		};
		EDITORGROUP /* Editor */ = {
			isa = PBXGroup;
			children = (
				F015 /* AnnotationModel.swift */,
				F016 /* AnnotationCanvasView.swift */,
				F017 /* ImageEditorView.swift */,
				F018 /* ImageEditorWindow.swift */,
			);
			path = Editor;
			sourceTree = "<group>";
		};
		HOTGROUP /* HotKeys */ = {
			isa = PBXGroup;
			children = (
				F008 /* HotKeyManager.swift */,
			);
			path = HotKeys;
			sourceTree = "<group>";
		};
		MAINGROUP = {
			isa = PBXGroup;
			children = (
				SRCGROUP /* RecordShot */,
				TESTGROUP /* RecordShotTests */,
				PRODGROUP /* Products */,
			);
			sourceTree = "<group>";
		};
		MENUGROUP /* MenuBar */ = {
			isa = PBXGroup;
			children = (
				F003 /* MenuBarController.swift */,
				F004 /* MenuBarView.swift */,
			);
			path = MenuBar;
			sourceTree = "<group>";
		};
		PRODGROUP /* Products */ = {
			isa = PBXGroup;
			children = (
				PROD /* RecordShot.app */,
				TPROD /* RecordShotTests.xctest */,
			);
			name = Products;
			sourceTree = "<group>";
		};
		SETGROUP /* Settings */ = {
			isa = PBXGroup;
			children = (
				F009 /* AppSettings.swift */,
				F010 /* SettingsView.swift */,
			);
			path = Settings;
			sourceTree = "<group>";
		};
		SRCGROUP /* RecordShot */ = {
			isa = PBXGroup;
			children = (
				APPGROUP /* App */,
				MENUGROUP /* MenuBar */,
				CAPGROUP /* Capture */,
				HOTGROUP /* HotKeys */,
				SETGROUP /* Settings */,
				UTILGROUP /* Utilities */,
				EDITORGROUP /* Editor */,
				LV001 /* Localizable.strings */,
				F012 /* Info.plist */,
				F013 /* RecordShot.entitlements */,
			);
			path = RecordShot;
			sourceTree = "<group>";
		};
		TESTGROUP /* RecordShotTests */ = {
			isa = PBXGroup;
			children = (
				TF001 /* AnnotationModelTests.swift */,
				TF002 /* AppSettingsTests.swift */,
				TF003 /* ImageProcessingTests.swift */,
			);
			path = RecordShotTests;
			sourceTree = "<group>";
		};
		UTILGROUP /* Utilities */ = {
			isa = PBXGroup;
			children = (
				F011 /* ClipboardManager.swift */,
			);
			path = Utilities;
			sourceTree = "<group>";
		};
/* End PBXGroup section */

/* Begin PBXNativeTarget section */
		TARGET /* RecordShot */ = {
			isa = PBXNativeTarget;
			buildConfigurationList = TARGETCONFLIST /* Build configuration list for PBXNativeTarget "RecordShot" */;
			buildPhases = (
				SRCBUILDPHASE /* Sources */,
				FWKBUILDPHASE /* Frameworks */,
				RESBUILDPHASE /* Resources */,
			);
			buildRules = (
			);
			dependencies = (
			);
			name = RecordShot;
			productName = RecordShot;
			productReference = PROD /* RecordShot.app */;
			productType = "com.apple.product-type.application";
		};
		TTARGET /* RecordShotTests */ = {
			isa = PBXNativeTarget;
			buildConfigurationList = TTARGCONFLIST /* Build configuration list for PBXNativeTarget "RecordShotTests" */;
			buildPhases = (
				TSRCPHASE /* Sources */,
				TFWKPHASE /* Frameworks */,
			);
			buildRules = (
			);
			dependencies = (
				TDEP /* PBXTargetDependency */,
			);
			name = RecordShotTests;
			productName = RecordShotTests;
			productReference = TPROD /* RecordShotTests.xctest */;
			productType = "com.apple.product-type.bundle.unit-test";
		};
/* End PBXNativeTarget section */

/* Begin PBXProject section */
		PROJECT /* Project object */ = {
			isa = PBXProject;
			attributes = {
				BuildIndependentTargetsInParallel = 1;
				LastSwiftUpdateCheck = 1500;
				LastUpgradeCheck = 1500;
				TargetAttributes = {
					TARGET = {
						CreatedOnToolsVersion = 15.0;
					};
					TTARGET = {
						CreatedOnToolsVersion = 15.0;
						TestTargetID = TARGET;
					};
				};
			};
			buildConfigurationList = PROJCONFLIST /* Build configuration list for PBXProject "RecordShot" */;
			compatibilityVersion = "Xcode 14.0";
			developmentRegion = en;
			hasScannedForEncodings = 0;
			knownRegions = (
				en,
				Base,
				ko,
			);
			mainGroup = MAINGROUP;
			productRefGroup = PRODGROUP /* Products */;
			projectDirPath = "";
			projectRoot = "";
			targets = (
				TARGET /* RecordShot */,
				TTARGET /* RecordShotTests */,
			);
		};
/* End PBXProject section */

/* Begin PBXResourcesBuildPhase section */
		RESBUILDPHASE /* Resources */ = {
			isa = PBXResourcesBuildPhase;
			buildActionMask = 2147483647;
			files = (
				LB001 /* Localizable.strings in Resources */,
			);
			runOnlyForDeploymentPostprocessing = 0;
		};
/* End PBXResourcesBuildPhase section */

/* Begin PBXSourcesBuildPhase section */
		SRCBUILDPHASE /* Sources */ = {
			isa = PBXSourcesBuildPhase;
			buildActionMask = 2147483647;
			files = (
				A001 /* RecordShotApp.swift in Sources */,
				A002 /* AppDelegate.swift in Sources */,
				A003 /* MenuBarController.swift in Sources */,
				A004 /* MenuBarView.swift in Sources */,
				A005 /* ScreenCaptureManager.swift in Sources */,
				A006 /* RecordingSession.swift in Sources */,
				A007 /* RegionSelector.swift in Sources */,
				A008 /* HotKeyManager.swift in Sources */,
				A009 /* AppSettings.swift in Sources */,
				A010 /* SettingsView.swift in Sources */,
				A011 /* ClipboardManager.swift in Sources */,
				A012 /* CapturePreviewPanel.swift in Sources */,
				A013 /* AnnotationModel.swift in Sources */,
				A014 /* AnnotationCanvasView.swift in Sources */,
				A015 /* ImageEditorView.swift in Sources */,
				A016 /* ImageEditorWindow.swift in Sources */,
			);
			runOnlyForDeploymentPostprocessing = 0;
		};
		TSRCPHASE /* Sources */ = {
			isa = PBXSourcesBuildPhase;
			buildActionMask = 2147483647;
			files = (
				TB001 /* AnnotationModelTests.swift in Sources */,
				TB002 /* AppSettingsTests.swift in Sources */,
				TB003 /* ImageProcessingTests.swift in Sources */,
			);
			runOnlyForDeploymentPostprocessing = 0;
		};
/* End PBXSourcesBuildPhase section */

/* Begin PBXTargetDependency section */
		TDEP /* PBXTargetDependency */ = {
			isa = PBXTargetDependency;
			target = TARGET /* RecordShot */;
			targetProxy = TPROXY /* PBXContainerItemProxy */;
		};
/* End PBXTargetDependency section */

/* Begin PBXVariantGroup section */
		LV001 /* Localizable.strings */ = {
			isa = PBXVariantGroup;
			children = (
				LF001 /* en */,
				LF002 /* ko */,
			);
			name = Localizable.strings;
			sourceTree = "<group>";
		};
/* End PBXVariantGroup section */

/* Begin XCBuildConfiguration section */
		PROJDEBUG /* Debug */ = {
			isa = XCBuildConfiguration;
			buildSettings = {
				ALWAYS_SEARCH_USER_PATHS = NO;
				ASSETCATALOG_COMPILER_GENERATE_SWIFT_ASSET_SYMBOL_EXTENSIONS = YES;
				CLANG_ANALYZER_NONNULL = YES;
				CLANG_ANALYZER_NUMBER_OBJECT_CONVERSION = YES_AGGRESSIVE;
				CLANG_CXX_LANGUAGE_STANDARD = "gnu++20";
				CLANG_ENABLE_MODULES = YES;
				CLANG_ENABLE_OBJC_ARC = YES;
				CLANG_ENABLE_OBJC_WEAK = YES;
				CLANG_WARN_BLOCK_CAPTURE_AUTORELEASING = YES;
				CLANG_WARN_BOOL_CONVERSION = YES;
				CLANG_WARN_COMMA = YES;
				CLANG_WARN_CONSTANT_CONVERSION = YES;
				CLANG_WARN_DEPRECATED_OBJC_IMPLEMENTATIONS = YES;
				CLANG_WARN_DIRECT_OBJC_ISA_USAGE = YES_ERROR;
				CLANG_WARN_DOCUMENTATION_COMMENTS = YES;
				CLANG_WARN_EMPTY_BODY = YES;
				CLANG_WARN_ENUM_CONVERSION = YES;
				CLANG_WARN_INFINITE_RECURSION = YES;
				CLANG_WARN_INT_CONVERSION = YES;
				CLANG_WARN_NON_LITERAL_NULL_CONVERSION = YES;
				CLANG_WARN_OBJC_IMPLICIT_RETAIN_CYCLE = YES;
				CLANG_WARN_OBJC_LITERAL_CONVERSION = YES;
				CLANG_WARN_OBJC_ROOT_CLASS = YES_ERROR;
				CLANG_WARN_QUOTED_INCLUDE_IN_FRAMEWORK_HEADER = YES;
				CLANG_WARN_RANGE_LOOP_ANALYSIS = YES;
				CLANG_WARN_STRICT_PROTOTYPES = YES;
				CLANG_WARN_SUSPICIOUS_MOVE = YES;
				CLANG_WARN_UNGUARDED_AVAILABILITY = YES_AGGRESSIVE;
				CLANG_WARN_UNREACHABLE_CODE = YES;
				CLANG_WARN__DUPLICATE_METHOD_MATCH = YES;
				COPY_PHASE_STRIP = NO;
				DEBUG_INFORMATION_FORMAT = dwarf;
				ENABLE_STRICT_OBJC_MSGSEND = YES;
				ENABLE_TESTABILITY = YES;
				ENABLE_USER_SCRIPT_SANDBOXING = YES;
				GCC_C_LANGUAGE_STANDARD = gnu17;
				GCC_DYNAMIC_NO_PIC = NO;
				GCC_NO_COMMON_BLOCKS = YES;
				GCC_OPTIMIZATION_LEVEL = 0;
				GCC_PREPROCESSOR_DEFINITIONS = (
					"DEBUG=1",
					"$(inherited)",
				);
				GCC_WARN_64_TO_32_BIT_CONVERSION = YES;
				GCC_WARN_ABOUT_RETURN_TYPE = YES_ERROR;
				GCC_WARN_UNDECLARED_SELECTOR = YES;
				GCC_WARN_UNINITIALIZED_AUTOS = YES_AGGRESSIVE;
				GCC_WARN_UNUSED_FUNCTION = YES;
				GCC_WARN_UNUSED_VARIABLE = YES;
				LOCALIZATION_PREFERS_STRING_CATALOGS = YES;
				MACOSX_DEPLOYMENT_TARGET = 12.3;
				MTL_ENABLE_DEBUG_INFO = INCLUDE_SOURCE;
				MTL_FAST_MATH = YES;
				ONLY_ACTIVE_ARCH = YES;
				SDKROOT = macosx;
				SWIFT_ACTIVE_COMPILATION_CONDITIONS = "DEBUG $(inherited)";
				SWIFT_OPTIMIZATION_LEVEL = "-Onone";
			};
			name = Debug;
		};
		PROJRELEASE /* Release */ = {
			isa = XCBuildConfiguration;
			buildSettings = {
				ALWAYS_SEARCH_USER_PATHS = NO;
				ASSETCATALOG_COMPILER_GENERATE_SWIFT_ASSET_SYMBOL_EXTENSIONS = YES;
				CLANG_ANALYZER_NONNULL = YES;
				CLANG_ANALYZER_NUMBER_OBJECT_CONVERSION = YES_AGGRESSIVE;
				CLANG_CXX_LANGUAGE_STANDARD = "gnu++20";
				CLANG_ENABLE_MODULES = YES;
				CLANG_ENABLE_OBJC_ARC = YES;
				CLANG_ENABLE_OBJC_WEAK = YES;
				CLANG_WARN_BLOCK_CAPTURE_AUTORELEASING = YES;
				CLANG_WARN_BOOL_CONVERSION = YES;
				CLANG_WARN_COMMA = YES;
				CLANG_WARN_CONSTANT_CONVERSION = YES;
				CLANG_WARN_DEPRECATED_OBJC_IMPLEMENTATIONS = YES;
				CLANG_WARN_DIRECT_OBJC_ISA_USAGE = YES_ERROR;
				CLANG_WARN_DOCUMENTATION_COMMENTS = YES;
				CLANG_WARN_EMPTY_BODY = YES;
				CLANG_WARN_ENUM_CONVERSION = YES;
				CLANG_WARN_INFINITE_RECURSION = YES;
				CLANG_WARN_INT_CONVERSION = YES;
				CLANG_WARN_NON_LITERAL_NULL_CONVERSION = YES;
				CLANG_WARN_OBJC_IMPLICIT_RETAIN_CYCLE = YES;
				CLANG_WARN_OBJC_LITERAL_CONVERSION = YES;
				CLANG_WARN_OBJC_ROOT_CLASS = YES_ERROR;
				CLANG_WARN_QUOTED_INCLUDE_IN_FRAMEWORK_HEADER = YES;
				CLANG_WARN_RANGE_LOOP_ANALYSIS = YES;
				CLANG_WARN_STRICT_PROTOTYPES = YES;
				CLANG_WARN_SUSPICIOUS_MOVE = YES;
				CLANG_WARN_UNGUARDED_AVAILABILITY = YES_AGGRESSIVE;
				CLANG_WARN_UNREACHABLE_CODE = YES;
				CLANG_WARN__DUPLICATE_METHOD_MATCH = YES;
				COPY_PHASE_STRIP = NO;
				DEBUG_INFORMATION_FORMAT = "dwarf-with-dsym";
				ENABLE_NS_ASSERTIONS = NO;
				ENABLE_STRICT_OBJC_MSGSEND = YES;
				ENABLE_USER_SCRIPT_SANDBOXING = YES;
				GCC_C_LANGUAGE_STANDARD = gnu17;
				GCC_NO_COMMON_BLOCKS = YES;
				GCC_WARN_64_TO_32_BIT_CONVERSION = YES;
				GCC_WARN_ABOUT_RETURN_TYPE = YES_ERROR;
				GCC_WARN_UNDECLARED_SELECTOR = YES;
				GCC_WARN_UNINITIALIZED_AUTOS = YES_AGGRESSIVE;
				GCC_WARN_UNUSED_FUNCTION = YES;
				GCC_WARN_UNUSED_VARIABLE = YES;
				LOCALIZATION_PREFERS_STRING_CATALOGS = YES;
				MACOSX_DEPLOYMENT_TARGET = 12.3;
				MTL_FAST_MATH = YES;
				SDKROOT = macosx;
				SWIFT_COMPILATION_MODE = wholemodule;
			};
			name = Release;
		};
		TARGETDEBUG /* Debug */ = {
			isa = XCBuildConfiguration;
			buildSettings = {
				ASSETCATALOG_COMPILER_APPICON_NAME = AppIcon;
				ASSETCATALOG_COMPILER_GLOBAL_ACCENT_COLOR_NAME = AccentColor;
				CODE_SIGN_ENTITLEMENTS = RecordShot/RecordShot.entitlements;
				CODE_SIGN_STYLE = Automatic;
				COMBINE_HIDPI_IMAGES = YES;
				CURRENT_PROJECT_VERSION = 1;
				DEVELOPMENT_TEAM = 7XMRKVJU54;
				ENABLE_HARDENED_RUNTIME = YES;
				GENERATE_INFOPLIST_FILE = NO;
				INFOPLIST_FILE = RecordShot/Info.plist;
				LD_RUNPATH_SEARCH_PATHS = (
					"$(inherited)",
					"@executable_path/../Frameworks",
				);
				MACOSX_DEPLOYMENT_TARGET = 12.3;
				MARKETING_VERSION = 1.0;
				PRODUCT_BUNDLE_IDENTIFIER = com.recordshot.app;
				PRODUCT_NAME = "$(TARGET_NAME)";
				SWIFT_EMIT_LOC_STRINGS = YES;
				SWIFT_VERSION = 5.0;
			};
			name = Debug;
		};
		TARGETRELEASE /* Release */ = {
			isa = XCBuildConfiguration;
			buildSettings = {
				ASSETCATALOG_COMPILER_APPICON_NAME = AppIcon;
				ASSETCATALOG_COMPILER_GLOBAL_ACCENT_COLOR_NAME = AccentColor;
				CODE_SIGN_ENTITLEMENTS = RecordShot/RecordShot.entitlements;
				CODE_SIGN_STYLE = Automatic;
				COMBINE_HIDPI_IMAGES = YES;
				CURRENT_PROJECT_VERSION = 1;
				DEVELOPMENT_TEAM = 7XMRKVJU54;
				ENABLE_HARDENED_RUNTIME = YES;
				GENERATE_INFOPLIST_FILE = NO;
				INFOPLIST_FILE = RecordShot/Info.plist;
				LD_RUNPATH_SEARCH_PATHS = (
					"$(inherited)",
					"@executable_path/../Frameworks",
				);
				MACOSX_DEPLOYMENT_TARGET = 12.3;
				MARKETING_VERSION = 1.0;
				PRODUCT_BUNDLE_IDENTIFIER = com.recordshot.app;
				PRODUCT_NAME = "$(TARGET_NAME)";
				SWIFT_EMIT_LOC_STRINGS = YES;
				SWIFT_VERSION = 5.0;
			};
			name = Release;
		};
		TTARGDEBUG /* Debug */ = {
			isa = XCBuildConfiguration;
			buildSettings = {
				BUNDLE_LOADER = "$(TEST_HOST)";
				CODE_SIGN_STYLE = Automatic;
				DEVELOPMENT_TEAM = 7XMRKVJU54;
				GENERATE_INFOPLIST_FILE = YES;
				LD_RUNPATH_SEARCH_PATHS = (
					"$(inherited)",
					"@loader_path/../Frameworks",
				);
				MACOSX_DEPLOYMENT_TARGET = 12.3;
				PRODUCT_BUNDLE_IDENTIFIER = com.recordshot.app.tests;
				PRODUCT_NAME = "$(TARGET_NAME)";
				SWIFT_VERSION = 5.0;
				TEST_HOST = "$(BUILT_PRODUCTS_DIR)/RecordShot.app/Contents/MacOS/RecordShot";
			};
			name = Debug;
		};
		TTARGRELEASE /* Release */ = {
			isa = XCBuildConfiguration;
			buildSettings = {
				BUNDLE_LOADER = "$(TEST_HOST)";
				CODE_SIGN_STYLE = Automatic;
				DEVELOPMENT_TEAM = 7XMRKVJU54;
				GENERATE_INFOPLIST_FILE = YES;
				LD_RUNPATH_SEARCH_PATHS = (
					"$(inherited)",
					"@loader_path/../Frameworks",
				);
				MACOSX_DEPLOYMENT_TARGET = 12.3;
				PRODUCT_BUNDLE_IDENTIFIER = com.recordshot.app.tests;
				PRODUCT_NAME = "$(TARGET_NAME)";
				SWIFT_VERSION = 5.0;
				TEST_HOST = "$(BUILT_PRODUCTS_DIR)/RecordShot.app/Contents/MacOS/RecordShot";
			};
			name = Release;
		};
/* End XCBuildConfiguration section */

/* Begin XCConfigurationList section */
		PROJCONFLIST /* Build configuration list for PBXProject "RecordShot" */ = {
			isa = XCConfigurationList;
			buildConfigurations = (
				PROJDEBUG /* Debug */,
				PROJRELEASE /* Release */,
			);
			defaultConfigurationIsVisible = 0;
			defaultConfigurationName = Release;
		};
		TARGETCONFLIST /* Build configuration list for PBXNativeTarget "RecordShot" */ = {
			isa = XCConfigurationList;
			buildConfigurations = (
				TARGETDEBUG /* Debug */,
				TARGETRELEASE /* Release */,
			);
			defaultConfigurationIsVisible = 0;
			defaultConfigurationName = Release;
		};
		TTARGCONFLIST /* Build configuration list for PBXNativeTarget "RecordShotTests" */ = {
			isa = XCConfigurationList;
			buildConfigurations = (
				TTARGDEBUG /* Debug */,
				TTARGRELEASE /* Release */,
			);
			defaultConfigurationIsVisible = 0;
			defaultConfigurationName = Release;
		};
/* End XCConfigurationList section */
	};
	rootObject = PROJECT /* Project object */;
}
